{
  "requires": true,
  "lockfileVersion": 1,
  "dependencies": {
    "@types/es6-promise": {
      "version": "3.3.0",
      "resolved": "https://registry.npmjs.org/@types/es6-promise/-/es6-promise-3.3.0.tgz",
      "integrity": "sha512-ixCIAEkLUKv9movnHKCzx2rzAJgEnSALDXPrOSSwOjWwXFs0ssSZKan+O2e3FExPPCbX+DfA9NcKsbvLuyUlNA==",
      "requires": {
        "es6-promise": "*"
      }
    },
    "@types/jquery": {
      "version": "3.3.30",
      "resolved": "https://registry.npmjs.org/@types/jquery/-/jquery-3.3.30.tgz",
      "integrity": "sha512-chB+QbLulamShZAFcTJtl8opZwHFBpDOP6nRLrPGkhC6N1aKWrDXg2Nc71tEg6ny6E8SQpRwbWSi9GdstH5VJA==",
      "dev": true,
      "requires": {
        "@types/sizzle": "*"
      }
    },
    "@types/sizzle": {
      "version": "2.3.2",
      "resolved": "https://registry.npmjs.org/@types/sizzle/-/sizzle-2.3.2.tgz",
      "integrity": "sha512-7EJYyKTL7tFR8+gDbB6Wwz/arpGa0Mywk1TJbNzKzHtzbwVmY4HR9WqS5VV7dsBUKQmPNr192jHr/VpBluj/hg==",
      "dev": true
    },
    "@types/slickgrid": {
      "version": "2.1.27",
      "resolved": "https://registry.npmjs.org/@types/slickgrid/-/slickgrid-2.1.27.tgz",
      "integrity": "sha512-CJ3EI82XAAjkTLNrcMcdsWgAXYyARWI1eo3+jMMqxsNeh0VUtU5k+5K3SUyaeYnif9M0tHLeTna4YKJy1ykb+w==",
      "dev": true,
      "requires": {
        "@types/jquery": "*"
      }
    },
    "es6-promise": {
      "version": "4.2.8",
      "resolved": "https://registry.npmjs.org/es6-promise/-/es6-promise-4.2.8.tgz",
      "integrity": "sha512-HJDGx5daxeIvxdBxvG2cb9g4tEvwIk3i8+nhX0yGrYmZUzbkdg8QbDevheDB8gd0//uPj4c1EQua8Q+MViT0/w=="
    },
    "golden-layout": {
      "version": "1.5.9",
      "resolved": "https://registry.npmjs.org/golden-layout/-/golden-layout-1.5.9.tgz",
      "integrity": "sha1-o5vB9qZ+b4hreXwBbdkk6UJrp38=",
      "requires": {
        "jquery": "*"
      }
    },
    "jquery": {
      "version": "3.4.1",
      "resolved": "https://registry.npmjs.org/jquery/-/jquery-3.4.1.tgz",
      "integrity": "sha512-36+AdBzCL+y6qjw5Tx7HgzeGCzC81MDDgaUP8ld2zhx58HdqXGoBd+tHdrBMiyjGQs0Hxs/MLZTu/eHNJJuWPw=="
    },
    "jquery-ui": {
      "version": "1.12.1",
      "resolved": "https://registry.npmjs.org/jquery-ui/-/jquery-ui-1.12.1.tgz",
      "integrity": "sha1-vLQEXI3QU5wTS8FIjN0+dop6nlE="
    },
    "monaco-editor": {
      "version": "0.17.1",
      "resolved": "https://registry.npmjs.org/monaco-editor/-/monaco-editor-0.17.1.tgz",
      "integrity": "sha512-JAc0mtW7NeO+0SwPRcdkfDbWLgkqL9WfP1NbpP9wNASsW6oWqgZqNIWt4teymGjZIXTElx3dnQmUYHmVrJ7HxA=="
    },
    "slickgrid": {
      "version": "2.4.9",
      "resolved": "https://registry.npmjs.org/slickgrid/-/slickgrid-2.4.9.tgz",
      "integrity": "sha512-230T3onvVVtehCWD8M1GTnCZroEocVz3sGweE/637vyOXx41mvNcMwvqBVdnsZ5Tfij6NOWLhMZCpiMB5exNew==",
      "requires": {
        "jquery": ">=1.8.0",
        "jquery-ui": ">=1.8.0"
      }
    }
  }
}
